
Microsoft Visual Studio Solution File, Format Version 12.00
# Visual Studio 2013
VisualStudioVersion = 12.0.30110.0
MinimumVisualStudioVersion = 10.0.40219.1
Project("{FAE04EC0-301F-11D3-BF4B-00C04F79EFBC}") = "NServiceBus.Persistence.MongoDb", "NServiceBus.Persistence.MongoDB\NServiceBus.Persistence.MongoDb.csproj", "{B34DDE97-B5F7-4FDE-8144-CE0A5C886947}"
EndProject
Project("{FAE04EC0-301F-11D3-BF4B-00C04F79EFBC}") = "NServiceBus.Persistence.MognoDb.Tests", "NServiceBus.Persistence.MognoDb.Tests\NServiceBus.Persistence.MognoDb.Tests.csproj", "{3B39C103-9D66-490C-AF20-CDC976F80F90}"
EndProject
Global
	GlobalSection(SolutionConfigurationPlatforms) = preSolution
		Debug|Any CPU = Debug|Any CPU
		Release|Any CPU = Release|Any CPU
	EndGlobalSection
	GlobalSection(ProjectConfigurationPlatforms) = postSolution
		{B34DDE97-B5F7-4FDE-8144-CE0A5C886947}.Debug|Any CPU.ActiveCfg = Debug|Any CPU
		{B34DDE97-B5F7-4FDE-8144-CE0A5C886947}.Debug|Any CPU.Build.0 = Debug|Any CPU
		{B34DDE97-B5F7-4FDE-8144-CE0A5C886947}.Release|Any CPU.ActiveCfg = Release|Any CPU
		{B34DDE97-B5F7-4FDE-8144-CE0A5C886947}.Release|Any CPU.Build.0 = Release|Any CPU
		{3B39C103-9D66-490C-AF20-CDC976F80F90}.Debug|Any CPU.ActiveCfg = Debug|Any CPU
		{3B39C103-9D66-490C-AF20-CDC976F80F90}.Debug|Any CPU.Build.0 = Debug|Any CPU
		{3B39C103-9D66-490C-AF20-CDC976F80F90}.Release|Any CPU.ActiveCfg = Release|Any CPU
		{3B39C103-9D66-490C-AF20-CDC976F80F90}.Release|Any CPU.Build.0 = Release|Any CPU
	EndGlobalSection
	GlobalSection(SolutionProperties) = preSolution
		HideSolutionNode = FALSE
	EndGlobalSection
EndGlobal
